
Microsoft Visual Studio Solution File, Format Version 12.00
# Visual Studio Version 16
VisualStudioVersion = 16.0.31205.134
MinimumVisualStudioVersion = 10.0.40219.1
Project("{FAE04EC0-301F-11D3-BF4B-00C04F79EFBC}") = "RepositoryPurpose", "source\RepositoryPurpose\RepositoryPurpose.csproj", "{35FFD415-E2FA-43FD-BFFA-3C4F9B1C439A}"
EndProject
Project("{FAE04EC0-301F-11D3-BF4B-00C04F79EFBC}") = "RepositoryPurpose.Tests", "source\RepositoryPurpose.Tests\RepositoryPurpose.Tests.csproj", "{A988FA39-E183-4481-A2F3-A0BCBB808F81}"
EndProject
Global
	GlobalSection(SolutionConfigurationPlatforms) = preSolution
		Debug|Any CPU = Debug|Any CPU
		Release|Any CPU = Release|Any CPU
	EndGlobalSection
	GlobalSection(ProjectConfigurationPlatforms) = postSolution
		{35FFD415-E2FA-43FD-BFFA-3C4F9B1C439A}.Debug|Any CPU.ActiveCfg = Debug|Any CPU
		{35FFD415-E2FA-43FD-BFFA-3C4F9B1C439A}.Debug|Any CPU.Build.0 = Debug|Any CPU
		{35FFD415-E2FA-43FD-BFFA-3C4F9B1C439A}.Release|Any CPU.ActiveCfg = Release|Any CPU
		{35FFD415-E2FA-43FD-BFFA-3C4F9B1C439A}.Release|Any CPU.Build.0 = Release|Any CPU
		{A988FA39-E183-4481-A2F3-A0BCBB808F81}.Debug|Any CPU.ActiveCfg = Debug|Any CPU
		{A988FA39-E183-4481-A2F3-A0BCBB808F81}.Debug|Any CPU.Build.0 = Debug|Any CPU
		{A988FA39-E183-4481-A2F3-A0BCBB808F81}.Release|Any CPU.ActiveCfg = Release|Any CPU
		{A988FA39-E183-4481-A2F3-A0BCBB808F81}.Release|Any CPU.Build.0 = Release|Any CPU
	EndGlobalSection
	GlobalSection(SolutionProperties) = preSolution
		HideSolutionNode = FALSE
	EndGlobalSection
	GlobalSection(ExtensibilityGlobals) = postSolution
		SolutionGuid = {85E0110F-5706-4346-AB28-713AF34B6D09}
	EndGlobalSection
EndGlobal
